<Solution>
  <Folder Name="/Solution Items/">
    <File Path=".gitignore" />
  </Folder>
  <Folder Name="/src/">
    <Project Path="src/AoC.Shared/AoC.Shared.csproj" />
    <Project Path="src/AoC.SourceGenerator/AoC.SourceGenerator.csproj" />
    <Project Path="src/AoC.Tool/AoC.Tool.csproj" />
  </Folder>
</Solution>
